# This file is generated by running "yarn install" inside your project.
# Manual changes might be lost - proceed with caution!

__metadata:
  version: 6
  cacheKey: 8

"@anireact/bigstr@workspace:.":
  version: 0.0.0-use.local
  resolution: "@anireact/bigstr@workspace:."
  dependencies:
    "@anireact/typescript-config": ^1.0.0
    "@types/node": ^20.8.7
    prettier: ^3.0.3
    typescript: ^5.2.2
  languageName: unknown
  linkType: soft

"@anireact/typescript-config@npm:^1.0.0":
  version: 1.0.0
  resolution: "@anireact/typescript-config@npm:1.0.0"
  checksum: 23b979cae0e0f9feddbdbaa2346be9047a08fb738eea7cc38475d45baf1da23e913ed258d46083163b709f7ecba694b26236c41642c556817de6c9323c34a9ae
  languageName: node
  linkType: hard

"@types/node@npm:^20.8.7":
  version: 20.8.7
  resolution: "@types/node@npm:20.8.7"
  dependencies:
    undici-types: ~5.25.1
  checksum: 2173c0c03daefcb60c03a61b1371b28c8fe412e7a40dc6646458b809d14a85fbc7aeb369d957d57f0aaaafd99964e77436f29b3b579232d8f2b20c58abbd1d25
  languageName: node
  linkType: hard

"prettier@npm:^3.0.3":
  version: 3.0.3
  resolution: "prettier@npm:3.0.3"
  bin:
    prettier: bin/prettier.cjs
  checksum: e10b9af02b281f6c617362ebd2571b1d7fc9fb8a3bd17e371754428cda992e5e8d8b7a046e8f7d3e2da1dcd21aa001e2e3c797402ebb6111b5cd19609dd228e0
  languageName: node
  linkType: hard

"typescript@npm:^5.2.2":
  version: 5.2.2
  resolution: "typescript@npm:5.2.2"
  bin:
    tsc: bin/tsc
    tsserver: bin/tsserver
  checksum: 7912821dac4d962d315c36800fe387cdc0a6298dba7ec171b350b4a6e988b51d7b8f051317786db1094bd7431d526b648aba7da8236607febb26cf5b871d2d3c
  languageName: node
  linkType: hard

"typescript@patch:typescript@^5.2.2#~builtin<compat/typescript>":
  version: 5.2.2
  resolution: "typescript@patch:typescript@npm%3A5.2.2#~builtin<compat/typescript>::version=5.2.2&hash=f3b441"
  bin:
    tsc: bin/tsc
    tsserver: bin/tsserver
  checksum: 0f4da2f15e6f1245e49db15801dbee52f2bbfb267e1c39225afdab5afee1a72839cd86000e65ee9d7e4dfaff12239d28beaf5ee431357fcced15fb08583d72ca
  languageName: node
  linkType: hard

"undici-types@npm:~5.25.1":
  version: 5.25.3
  resolution: "undici-types@npm:5.25.3"
  checksum: ec9d2cc36520cbd9fbe3b3b6c682a87fe5be214699e1f57d1e3d9a2cb5be422e62735f06e0067dc325fd3dd7404c697e4d479f9147dc8a804e049e29f357f2ff
  languageName: node
  linkType: hard
